Microsoft Visual Studio Solution File, Format Version 12.00
# Visual Studio Version 16
VisualStudioVersion = 16.0.29926.136
MinimumVisualStudioVersion = 10.0.40219.1
Project("{9A19103F-16F7-4668-BE54-9A1E7A4F7556}") = "SharpVectors.Css", "SharpVectorCss\SharpVectors.Css.csproj", "{351B0A6E-2F6B-497A-844B-DCB5A502FB0D}"
EndProject
Project("{9A19103F-16F7-4668-BE54-9A1E7A4F7556}") = "SharpVectors.Dom", "SharpVectorDom\SharpVectors.Dom.csproj", "{FE34CBC0-D23C-4A95-BA64-83A031814010}"
EndProject
Project("{9A19103F-16F7-4668-BE54-9A1E7A4F7556}") = "SharpVectors.Model", "SharpVectorModel\SharpVectors.Model.csproj", "{5D336F48-3FB9-4382-B4B9-06974C764007}"
EndProject
Project("{9A19103F-16F7-4668-BE54-9A1E7A4F7556}") = "SharpVectors.Core", "SharpVectorCore\SharpVectors.Core.csproj", "{D6BB65FC-240E-4241-B2ED-A7FB3F13E978}"
EndProject
Project("{9A19103F-16F7-4668-BE54-9A1E7A4F7556}") = "SharpVectors.Rendering.Wpf", "SharpVectorRenderingWpf\SharpVectors.Rendering.Wpf.csproj", "{A2576CE0-E492-490F-97E9-C0E7ABAFAF27}"
EndProject
Project("{9A19103F-16F7-4668-BE54-9A1E7A4F7556}") = "SharpVectors.Runtime.Wpf", "SharpVectorRuntimeWpf\SharpVectors.Runtime.Wpf.csproj", "{2CD52982-A1C2-4A14-9D69-D64719357216}"
EndProject
Project("{9A19103F-16F7-4668-BE54-9A1E7A4F7556}") = "SharpVectors.Converters.Wpf", "SharpVectorConvertersWpf\SharpVectors.Converters.Wpf.csproj", "{EC755443-933B-4B66-899B-E78C9174CD36}"
EndProject
Global
	GlobalSection(SolutionConfigurationPlatforms) = preSolution
		Debug|Any CPU = Debug|Any CPU
		Documentation|Any CPU = Documentation|Any CPU
		Release|Any CPU = Release|Any CPU
	EndGlobalSection
	GlobalSection(ProjectConfigurationPlatforms) = postSolution
		{351B0A6E-2F6B-497A-844B-DCB5A502FB0D}.Debug|Any CPU.ActiveCfg = Debug|Any CPU
		{351B0A6E-2F6B-497A-844B-DCB5A502FB0D}.Debug|Any CPU.Build.0 = Debug|Any CPU
		{351B0A6E-2F6B-497A-844B-DCB5A502FB0D}.Documentation|Any CPU.ActiveCfg = Debug|Any CPU
		{351B0A6E-2F6B-497A-844B-DCB5A502FB0D}.Documentation|Any CPU.Build.0 = Debug|Any CPU
		{351B0A6E-2F6B-497A-844B-DCB5A502FB0D}.Release|Any CPU.ActiveCfg = Release|Any CPU
		{351B0A6E-2F6B-497A-844B-DCB5A502FB0D}.Release|Any CPU.Build.0 = Release|Any CPU
		{FE34CBC0-D23C-4A95-BA64-83A031814010}.Debug|Any CPU.ActiveCfg = Debug|Any CPU
		{FE34CBC0-D23C-4A95-BA64-83A031814010}.Debug|Any CPU.Build.0 = Debug|Any CPU
		{FE34CBC0-D23C-4A95-BA64-83A031814010}.Documentation|Any CPU.ActiveCfg = Debug|Any CPU
		{FE34CBC0-D23C-4A95-BA64-83A031814010}.Documentation|Any CPU.Build.0 = Debug|Any CPU
		{FE34CBC0-D23C-4A95-BA64-83A031814010}.Release|Any CPU.ActiveCfg = Release|Any CPU
		{FE34CBC0-D23C-4A95-BA64-83A031814010}.Release|Any CPU.Build.0 = Release|Any CPU
		{5D336F48-3FB9-4382-B4B9-06974C764007}.Debug|Any CPU.ActiveCfg = Debug|Any CPU
		{5D336F48-3FB9-4382-B4B9-06974C764007}.Debug|Any CPU.Build.0 = Debug|Any CPU
		{5D336F48-3FB9-4382-B4B9-06974C764007}.Documentation|Any CPU.ActiveCfg = Debug|Any CPU
		{5D336F48-3FB9-4382-B4B9-06974C764007}.Documentation|Any CPU.Build.0 = Debug|Any CPU
		{5D336F48-3FB9-4382-B4B9-06974C764007}.Release|Any CPU.ActiveCfg = Release|Any CPU
		{5D336F48-3FB9-4382-B4B9-06974C764007}.Release|Any CPU.Build.0 = Release|Any CPU
		{D6BB65FC-240E-4241-B2ED-A7FB3F13E978}.Debug|Any CPU.ActiveCfg = Debug|Any CPU
		{D6BB65FC-240E-4241-B2ED-A7FB3F13E978}.Debug|Any CPU.Build.0 = Debug|Any CPU
		{D6BB65FC-240E-4241-B2ED-A7FB3F13E978}.Documentation|Any CPU.ActiveCfg = Debug|Any CPU
		{D6BB65FC-240E-4241-B2ED-A7FB3F13E978}.Documentation|Any CPU.Build.0 = Debug|Any CPU
		{D6BB65FC-240E-4241-B2ED-A7FB3F13E978}.Release|Any CPU.ActiveCfg = Release|Any CPU
		{D6BB65FC-240E-4241-B2ED-A7FB3F13E978}.Release|Any CPU.Build.0 = Release|Any CPU
		{A2576CE0-E492-490F-97E9-C0E7ABAFAF27}.Debug|Any CPU.ActiveCfg = Debug|Any CPU
		{A2576CE0-E492-490F-97E9-C0E7ABAFAF27}.Debug|Any CPU.Build.0 = Debug|Any CPU
		{A2576CE0-E492-490F-97E9-C0E7ABAFAF27}.Documentation|Any CPU.ActiveCfg = Debug|Any CPU
		{A2576CE0-E492-490F-97E9-C0E7ABAFAF27}.Documentation|Any CPU.Build.0 = Debug|Any CPU
		{A2576CE0-E492-490F-97E9-C0E7ABAFAF27}.Release|Any CPU.ActiveCfg = Release|Any CPU
		{A2576CE0-E492-490F-97E9-C0E7ABAFAF27}.Release|Any CPU.Build.0 = Release|Any CPU
		{2CD52982-A1C2-4A14-9D69-D64719357216}.Debug|Any CPU.ActiveCfg = Debug|Any CPU
		{2CD52982-A1C2-4A14-9D69-D64719357216}.Debug|Any CPU.Build.0 = Debug|Any CPU
		{2CD52982-A1C2-4A14-9D69-D64719357216}.Documentation|Any CPU.ActiveCfg = Debug|Any CPU
		{2CD52982-A1C2-4A14-9D69-D64719357216}.Documentation|Any CPU.Build.0 = Debug|Any CPU
		{2CD52982-A1C2-4A14-9D69-D64719357216}.Release|Any CPU.ActiveCfg = Release|Any CPU
		{2CD52982-A1C2-4A14-9D69-D64719357216}.Release|Any CPU.Build.0 = Release|Any CPU
		{EC755443-933B-4B66-899B-E78C9174CD36}.Debug|Any CPU.ActiveCfg = Debug|Any CPU
		{EC755443-933B-4B66-899B-E78C9174CD36}.Debug|Any CPU.Build.0 = Debug|Any CPU
		{EC755443-933B-4B66-899B-E78C9174CD36}.Documentation|Any CPU.ActiveCfg = Debug|Any CPU
		{EC755443-933B-4B66-899B-E78C9174CD36}.Documentation|Any CPU.Build.0 = Debug|Any CPU
		{EC755443-933B-4B66-899B-E78C9174CD36}.Release|Any CPU.ActiveCfg = Release|Any CPU
		{EC755443-933B-4B66-899B-E78C9174CD36}.Release|Any CPU.Build.0 = Release|Any CPU
	EndGlobalSection
	GlobalSection(SolutionProperties) = preSolution
		HideSolutionNode = FALSE
	EndGlobalSection
	GlobalSection(ExtensibilityGlobals) = postSolution
		SolutionGuid = {3BD7E40C-4D7D-4E04-BD4C-C4C8F858A995}
	EndGlobalSection
EndGlobal
